
Microsoft Visual Studio Solution File, Format Version 12.00
# Visual Studio Version 16
VisualStudioVersion = 16.0.30404.54
MinimumVisualStudioVersion = 10.0.40219.1
Project("{FAE04EC0-301F-11D3-BF4B-00C04F79EFBC}") = "CompareFileHash", "CompareFileHash\CompareFileHash.csproj", "{0CE1B978-C59A-4EEF-AC53-E02AED4BFDD5}"
EndProject
Global
	GlobalSection(SolutionConfigurationPlatforms) = preSolution
		Debug|Any CPU = Debug|Any CPU
		Release|Any CPU = Release|Any CPU
	EndGlobalSection
	GlobalSection(ProjectConfigurationPlatforms) = postSolution
		{0CE1B978-C59A-4EEF-AC53-E02AED4BFDD5}.Debug|Any CPU.ActiveCfg = Debug|Any CPU
		{0CE1B978-C59A-4EEF-AC53-E02AED4BFDD5}.Debug|Any CPU.Build.0 = Debug|Any CPU
		{0CE1B978-C59A-4EEF-AC53-E02AED4BFDD5}.Release|Any CPU.ActiveCfg = Release|Any CPU
		{0CE1B978-C59A-4EEF-AC53-E02AED4BFDD5}.Release|Any CPU.Build.0 = Release|Any CPU
	EndGlobalSection
	GlobalSection(SolutionProperties) = preSolution
		HideSolutionNode = FALSE
	EndGlobalSection
	GlobalSection(ExtensibilityGlobals) = postSolution
		SolutionGuid = {C1F87F6C-838A-43E0-93E5-7B22DFD0DD1D}
	EndGlobalSection
EndGlobal
